
Microsoft Visual Studio Solution File, Format Version 12.00
# Visual Studio Version 17
VisualStudioVersion = 17.3.32922.545
MinimumVisualStudioVersion = 10.0.40219.1
Project("{2150E333-8FDC-42A3-9474-1A3956D46DE8}") = "src", "src", "{56DD5631-2417-4963-B46C-1908DCC081F7}"
EndProject
Project("{2150E333-8FDC-42A3-9474-1A3956D46DE8}") = "test", "test", "{A186A2EF-0A56-479A-BED9-33B22DDBE9D6}"
EndProject
Project("{2150E333-8FDC-42A3-9474-1A3956D46DE8}") = "Core", "Core", "{F2DECB2E-287D-4423-B6FA-000EDC3156AC}"
EndProject
Project("{2150E333-8FDC-42A3-9474-1A3956D46DE8}") = "Infrastructure", "Infrastructure", "{C0295FEE-3E6D-420B-A44E-807FDB0D9FEC}"
EndProject
Project("{2150E333-8FDC-42A3-9474-1A3956D46DE8}") = "API", "API", "{F87840A0-BBA5-4CA2-A880-3A76F45D94EB}"
EndProject
Project("{2150E333-8FDC-42A3-9474-1A3956D46DE8}") = "UI", "UI", "{BDE5E4CF-EEF6-494B-A7D9-2CAE6E21CD7A}"
EndProject
Project("{9A19103F-16F7-4668-BE54-9A1E7A4F7556}") = "HR.LeaveManagement.Application", "HR.LeaveManagement.Application\HR.LeaveManagement.Application.csproj", "{52C40CF6-4340-4FBD-8365-B8437E48E9A4}"
EndProject
Project("{9A19103F-16F7-4668-BE54-9A1E7A4F7556}") = "HR.LeaveManagement.Domain", "HR.LeaveManagement.Domain\HR.LeaveManagement.Domain.csproj", "{FF9B434D-F50D-4F71-A4CE-04DDB225A4EE}"
EndProject
Project("{9A19103F-16F7-4668-BE54-9A1E7A4F7556}") = "HR.LeaveManagement.Persistence", "HR.LeaveManagement.Persistence\HR.LeaveManagement.Persistence.csproj", "{1BB65EB7-5DED-44CD-8471-3B5758D2695C}"
EndProject
Project("{9A19103F-16F7-4668-BE54-9A1E7A4F7556}") = "HR.LeaveManagement.Infrastructure", "HR.LeaveManagement.Infrastructure\HR.LeaveManagement.Infrastructure.csproj", "{5176F169-F368-4B7E-AFC5-A1D3292A375F}"
EndProject
Project("{9A19103F-16F7-4668-BE54-9A1E7A4F7556}") = "HR.LeaveManagement.API", "HR.LeaveManagement.API\HR.LeaveManagement.API.csproj", "{0574A4B6-0CF6-499D-BA90-2D928F0A0308}"
EndProject
Project("{9A19103F-16F7-4668-BE54-9A1E7A4F7556}") = "HR.LeaveManagement.Identity", "HR.LeaveManagement.Identity\HR.LeaveManagement.Identity.csproj", "{BE01B7ED-500B-46D9-AB03-AC5E8303A330}"
EndProject
Project("{9A19103F-16F7-4668-BE54-9A1E7A4F7556}") = "HR.LeaveManagement.BlazorUI", "HR.LeaveManagement.BlazorUI\HR.LeaveManagement.BlazorUI.csproj", "{1B4A1152-1956-4459-BF82-1984CF7345C1}"
EndProject
Project("{FAE04EC0-301F-11D3-BF4B-00C04F79EFBC}") = "HR.LeaveManagement.Application.UnitTests", "HR.LeaveManagement.Application.UnitTests\HR.LeaveManagement.Application.UnitTests.csproj", "{C8BA54AB-48CF-4ADE-B07D-D6BE6DC9D322}"
EndProject
Global
	GlobalSection(SolutionConfigurationPlatforms) = preSolution
		Debug|Any CPU = Debug|Any CPU
		Release|Any CPU = Release|Any CPU
	EndGlobalSection
	GlobalSection(ProjectConfigurationPlatforms) = postSolution
		{52C40CF6-4340-4FBD-8365-B8437E48E9A4}.Debug|Any CPU.ActiveCfg = Debug|Any CPU
		{52C40CF6-4340-4FBD-8365-B8437E48E9A4}.Debug|Any CPU.Build.0 = Debug|Any CPU
		{52C40CF6-4340-4FBD-8365-B8437E48E9A4}.Release|Any CPU.ActiveCfg = Release|Any CPU
		{52C40CF6-4340-4FBD-8365-B8437E48E9A4}.Release|Any CPU.Build.0 = Release|Any CPU
		{FF9B434D-F50D-4F71-A4CE-04DDB225A4EE}.Debug|Any CPU.ActiveCfg = Debug|Any CPU
		{FF9B434D-F50D-4F71-A4CE-04DDB225A4EE}.Debug|Any CPU.Build.0 = Debug|Any CPU
		{FF9B434D-F50D-4F71-A4CE-04DDB225A4EE}.Release|Any CPU.ActiveCfg = Release|Any CPU
		{FF9B434D-F50D-4F71-A4CE-04DDB225A4EE}.Release|Any CPU.Build.0 = Release|Any CPU
		{1BB65EB7-5DED-44CD-8471-3B5758D2695C}.Debug|Any CPU.ActiveCfg = Debug|Any CPU
		{1BB65EB7-5DED-44CD-8471-3B5758D2695C}.Debug|Any CPU.Build.0 = Debug|Any CPU
		{1BB65EB7-5DED-44CD-8471-3B5758D2695C}.Release|Any CPU.ActiveCfg = Release|Any CPU
		{1BB65EB7-5DED-44CD-8471-3B5758D2695C}.Release|Any CPU.Build.0 = Release|Any CPU
		{5176F169-F368-4B7E-AFC5-A1D3292A375F}.Debug|Any CPU.ActiveCfg = Debug|Any CPU
		{5176F169-F368-4B7E-AFC5-A1D3292A375F}.Debug|Any CPU.Build.0 = Debug|Any CPU
		{5176F169-F368-4B7E-AFC5-A1D3292A375F}.Release|Any CPU.ActiveCfg = Release|Any CPU
		{5176F169-F368-4B7E-AFC5-A1D3292A375F}.Release|Any CPU.Build.0 = Release|Any CPU
		{0574A4B6-0CF6-499D-BA90-2D928F0A0308}.Debug|Any CPU.ActiveCfg = Debug|Any CPU
		{0574A4B6-0CF6-499D-BA90-2D928F0A0308}.Debug|Any CPU.Build.0 = Debug|Any CPU
		{0574A4B6-0CF6-499D-BA90-2D928F0A0308}.Release|Any CPU.ActiveCfg = Release|Any CPU
		{0574A4B6-0CF6-499D-BA90-2D928F0A0308}.Release|Any CPU.Build.0 = Release|Any CPU
		{BE01B7ED-500B-46D9-AB03-AC5E8303A330}.Debug|Any CPU.ActiveCfg = Debug|Any CPU
		{BE01B7ED-500B-46D9-AB03-AC5E8303A330}.Debug|Any CPU.Build.0 = Debug|Any CPU
		{BE01B7ED-500B-46D9-AB03-AC5E8303A330}.Release|Any CPU.ActiveCfg = Release|Any CPU
		{BE01B7ED-500B-46D9-AB03-AC5E8303A330}.Release|Any CPU.Build.0 = Release|Any CPU
		{1B4A1152-1956-4459-BF82-1984CF7345C1}.Debug|Any CPU.ActiveCfg = Debug|Any CPU
		{1B4A1152-1956-4459-BF82-1984CF7345C1}.Debug|Any CPU.Build.0 = Debug|Any CPU
		{1B4A1152-1956-4459-BF82-1984CF7345C1}.Release|Any CPU.ActiveCfg = Release|Any CPU
		{1B4A1152-1956-4459-BF82-1984CF7345C1}.Release|Any CPU.Build.0 = Release|Any CPU
		{C8BA54AB-48CF-4ADE-B07D-D6BE6DC9D322}.Debug|Any CPU.ActiveCfg = Debug|Any CPU
		{C8BA54AB-48CF-4ADE-B07D-D6BE6DC9D322}.Debug|Any CPU.Build.0 = Debug|Any CPU
		{C8BA54AB-48CF-4ADE-B07D-D6BE6DC9D322}.Release|Any CPU.ActiveCfg = Release|Any CPU
		{C8BA54AB-48CF-4ADE-B07D-D6BE6DC9D322}.Release|Any CPU.Build.0 = Release|Any CPU
	EndGlobalSection
	GlobalSection(SolutionProperties) = preSolution
		HideSolutionNode = FALSE
	EndGlobalSection
	GlobalSection(NestedProjects) = preSolution
		{F2DECB2E-287D-4423-B6FA-000EDC3156AC} = {56DD5631-2417-4963-B46C-1908DCC081F7}
		{C0295FEE-3E6D-420B-A44E-807FDB0D9FEC} = {56DD5631-2417-4963-B46C-1908DCC081F7}
		{F87840A0-BBA5-4CA2-A880-3A76F45D94EB} = {56DD5631-2417-4963-B46C-1908DCC081F7}
		{BDE5E4CF-EEF6-494B-A7D9-2CAE6E21CD7A} = {56DD5631-2417-4963-B46C-1908DCC081F7}
		{52C40CF6-4340-4FBD-8365-B8437E48E9A4} = {F2DECB2E-287D-4423-B6FA-000EDC3156AC}
		{FF9B434D-F50D-4F71-A4CE-04DDB225A4EE} = {F2DECB2E-287D-4423-B6FA-000EDC3156AC}
		{1BB65EB7-5DED-44CD-8471-3B5758D2695C} = {C0295FEE-3E6D-420B-A44E-807FDB0D9FEC}
		{5176F169-F368-4B7E-AFC5-A1D3292A375F} = {C0295FEE-3E6D-420B-A44E-807FDB0D9FEC}
		{0574A4B6-0CF6-499D-BA90-2D928F0A0308} = {F87840A0-BBA5-4CA2-A880-3A76F45D94EB}
		{BE01B7ED-500B-46D9-AB03-AC5E8303A330} = {C0295FEE-3E6D-420B-A44E-807FDB0D9FEC}
		{1B4A1152-1956-4459-BF82-1984CF7345C1} = {BDE5E4CF-EEF6-494B-A7D9-2CAE6E21CD7A}
		{C8BA54AB-48CF-4ADE-B07D-D6BE6DC9D322} = {A186A2EF-0A56-479A-BED9-33B22DDBE9D6}
	EndGlobalSection
	GlobalSection(ExtensibilityGlobals) = postSolution
		SolutionGuid = {EACC91BA-B70E-4019-A5D7-4B5769134CD5}
	EndGlobalSection
EndGlobal
